
Microsoft Visual Studio Solution File, Format Version 12.00
# Visual Studio 2012
Project("{FAE04EC0-301F-11D3-BF4B-00C04F79EFBC}") = "CrossProcessPreferences", "CrossProcessPreferences.csproj", "{DAD1C6EE-0CD6-4A53-985A-B3DAE78B90A1}"
EndProject
Global
	GlobalSection(SolutionConfigurationPlatforms) = preSolution
		Debug|Any CPU = Debug|Any CPU
		Release|Any CPU = Release|Any CPU
	EndGlobalSection
	GlobalSection(ProjectConfigurationPlatforms) = postSolution
		{DAD1C6EE-0CD6-4A53-985A-B3DAE78B90A1}.Debug|Any CPU.ActiveCfg = Debug|Any CPU
		{DAD1C6EE-0CD6-4A53-985A-B3DAE78B90A1}.Debug|Any CPU.Build.0 = Debug|Any CPU
		{DAD1C6EE-0CD6-4A53-985A-B3DAE78B90A1}.Release|Any CPU.ActiveCfg = Release|Any CPU
		{DAD1C6EE-0CD6-4A53-985A-B3DAE78B90A1}.Release|Any CPU.Build.0 = Release|Any CPU
	EndGlobalSection
EndGlobal
